
Microsoft Visual Studio Solution File, Format Version 12.00
# Visual Studio 15
VisualStudioVersion = 15.0.27004.2009
MinimumVisualStudioVersion = 10.0.40219.1
Project("{9A19103F-16F7-4668-BE54-9A1E7A4F7556}") = "ReceptorOrden", "RestSendMessageQueue\ReceptorOrden.csproj", "{687289C5-CA52-4490-AC47-D680C422174F}"
EndProject
Project("{9A19103F-16F7-4668-BE54-9A1E7A4F7556}") = "Retail", "Retail\Retail.csproj", "{1A96B210-BC9D-4F9B-8A36-347740453A42}"
EndProject
Project("{9A19103F-16F7-4668-BE54-9A1E7A4F7556}") = "Gateway", "Gateway\Gateway.csproj", "{3CFEE2B8-918B-4A79-8C11-CF5A574D2124}"
EndProject
Global
	GlobalSection(SolutionConfigurationPlatforms) = preSolution
		Debug|Any CPU = Debug|Any CPU
		Release|Any CPU = Release|Any CPU
	EndGlobalSection
	GlobalSection(ProjectConfigurationPlatforms) = postSolution
		{687289C5-CA52-4490-AC47-D680C422174F}.Debug|Any CPU.ActiveCfg = Debug|Any CPU
		{687289C5-CA52-4490-AC47-D680C422174F}.Debug|Any CPU.Build.0 = Debug|Any CPU
		{687289C5-CA52-4490-AC47-D680C422174F}.Release|Any CPU.ActiveCfg = Release|Any CPU
		{687289C5-CA52-4490-AC47-D680C422174F}.Release|Any CPU.Build.0 = Release|Any CPU
		{1A96B210-BC9D-4F9B-8A36-347740453A42}.Debug|Any CPU.ActiveCfg = Debug|Any CPU
		{1A96B210-BC9D-4F9B-8A36-347740453A42}.Debug|Any CPU.Build.0 = Debug|Any CPU
		{1A96B210-BC9D-4F9B-8A36-347740453A42}.Release|Any CPU.ActiveCfg = Release|Any CPU
		{1A96B210-BC9D-4F9B-8A36-347740453A42}.Release|Any CPU.Build.0 = Release|Any CPU
		{3CFEE2B8-918B-4A79-8C11-CF5A574D2124}.Debug|Any CPU.ActiveCfg = Debug|Any CPU
		{3CFEE2B8-918B-4A79-8C11-CF5A574D2124}.Debug|Any CPU.Build.0 = Debug|Any CPU
		{3CFEE2B8-918B-4A79-8C11-CF5A574D2124}.Release|Any CPU.ActiveCfg = Release|Any CPU
		{3CFEE2B8-918B-4A79-8C11-CF5A574D2124}.Release|Any CPU.Build.0 = Release|Any CPU
	EndGlobalSection
	GlobalSection(SolutionProperties) = preSolution
		HideSolutionNode = FALSE
	EndGlobalSection
	GlobalSection(ExtensibilityGlobals) = postSolution
		SolutionGuid = {20ECBBE7-DE1F-4A13-BC83-DF1FE630FA40}
	EndGlobalSection
EndGlobal
